version: 6
environments:
  default:
    channels:
    - url: https://conda.anaconda.org/conda-forge/
    indexes:
    - https://pypi.org/simple
    packages:
      linux-64:
      - conda: https://conda.anaconda.org/conda-forge/linux-64/_libgcc_mutex-0.1-conda_forge.tar.bz2
      - conda: https://conda.anaconda.org/conda-forge/linux-64/_openmp_mutex-4.5-2_gnu.tar.bz2
      - conda: https://conda.anaconda.org/conda-forge/linux-64/bzip2-1.0.8-h4bc722e_7.conda
      - conda: https://conda.anaconda.org/conda-forge/linux-64/ca-certificates-2025.1.31-hbcca054_0.conda
      - conda: https://conda.anaconda.org/conda-forge/noarch/colorama-0.4.6-pyhd8ed1ab_1.conda
      - conda: https://conda.anaconda.org/conda-forge/noarch/exceptiongroup-1.2.2-pyhd8ed1ab_1.conda
      - conda: https://conda.anaconda.org/conda-forge/noarch/iniconfig-2.0.0-pyhd8ed1ab_1.conda
      - conda: https://conda.anaconda.org/conda-forge/linux-64/ld_impl_linux-64-2.43-h712a8e2_4.conda
      - conda: https://conda.anaconda.org/conda-forge/linux-64/libexpat-2.6.4-h5888daf_0.conda
      - conda: https://conda.anaconda.org/conda-forge/linux-64/libffi-3.4.6-h2dba641_0.conda
      - conda: https://conda.anaconda.org/conda-forge/linux-64/libgcc-14.2.0-h767d61c_2.conda
      - conda: https://conda.anaconda.org/conda-forge/linux-64/libgcc-ng-14.2.0-h69a702a_2.conda
      - conda: https://conda.anaconda.org/conda-forge/linux-64/libgomp-14.2.0-h767d61c_2.conda
      - conda: https://conda.anaconda.org/conda-forge/linux-64/liblzma-5.6.4-hb9d3cd8_0.conda
      - conda: https://conda.anaconda.org/conda-forge/linux-64/libnsl-2.0.1-hd590300_0.conda
      - conda: https://conda.anaconda.org/conda-forge/linux-64/libsqlite-3.49.1-hee588c1_2.conda
      - conda: https://conda.anaconda.org/conda-forge/linux-64/libuuid-2.38.1-h0b41bf4_0.conda
      - conda: https://conda.anaconda.org/conda-forge/linux-64/libxcrypt-4.4.36-hd590300_1.conda
      - conda: https://conda.anaconda.org/conda-forge/linux-64/libzlib-1.3.1-hb9d3cd8_2.conda
      - conda: https://conda.anaconda.org/conda-forge/linux-64/ncurses-6.5-h2d0b736_3.conda
      - conda: https://conda.anaconda.org/conda-forge/linux-64/openssl-3.4.1-h7b32b05_0.conda
      - conda: https://conda.anaconda.org/conda-forge/noarch/packaging-24.2-pyhd8ed1ab_2.conda
      - conda: https://conda.anaconda.org/conda-forge/noarch/pluggy-1.5.0-pyhd8ed1ab_1.conda
      - conda: https://conda.anaconda.org/conda-forge/noarch/pytest-8.3.5-pyhd8ed1ab_0.conda
      - conda: https://conda.anaconda.org/conda-forge/linux-64/python-3.12.9-h9e4cc4f_1_cpython.conda
      - conda: https://conda.anaconda.org/conda-forge/linux-64/readline-8.2-h8c095d6_2.conda
      - conda: https://conda.anaconda.org/conda-forge/linux-64/tk-8.6.13-noxft_h4845f30_101.conda
      - conda: https://conda.anaconda.org/conda-forge/noarch/tomli-2.2.1-pyhd8ed1ab_1.conda
      - conda: https://conda.anaconda.org/conda-forge/noarch/tzdata-2025a-h78e105d_0.conda
      - pypi: https://files.pythonhosted.org/packages/78/b6/6307fbef88d9b5ee7421e68d78a9f162e0da4900bc5f5793f6d3d0e34fb8/annotated_types-0.7.0-py3-none-any.whl
      - pypi: https://files.pythonhosted.org/packages/77/06/bb80f5f86020c4551da315d78b3ab75e8228f89f0162f2c3a819e407941a/attrs-25.3.0-py3-none-any.whl
      - pypi: https://files.pythonhosted.org/packages/79/eb/02f2aff05346ee210c50d86a27656a26d00f27303983c6e8fef27cb91ab5/bluesky-1.13.1-py3-none-any.whl
      - pypi: https://files.pythonhosted.org/packages/e3/51/9b208e85196941db2f0654ad0357ca6388ab3ed67efdbfc799f35d1f83aa/colorlog-6.9.0-py3-none-any.whl
      - pypi: https://files.pythonhosted.org/packages/f3/4f/f94ac1b84d2169cf2ebf64353ce98fd743f85d30678059c514d9b3d6644c/compress_pickle-2.1.0-py3-none-any.whl
      - pypi: https://files.pythonhosted.org/packages/e7/05/c19819d5e3d95294a6f5947fb9b9629efb316b96de511b418c53d245aae6/cycler-0.12.1-py3-none-any.whl
      - pypi: https://files.pythonhosted.org/packages/6e/c6/ac0b6c1e2d138f1002bcf799d330bd6d85084fece321e662a14223794041/Deprecated-1.2.18-py2.py3-none-any.whl
      - pypi: https://files.pythonhosted.org/packages/b1/f2/47e3f0e06c3bc3834db2a4ed01641e1ce493108461b9540dd5d2fb60d334/event_model-1.22.3-py3-none-any.whl
      - pypi: https://files.pythonhosted.org/packages/fe/47/deb64c73aec25af7699247e021153a6bfe9a08452f7f7337dcee4aa07a2b/historydict-1.2.6-py3-none-any.whl
      - pypi: https://files.pythonhosted.org/packages/79/9d/0fb148dc4d6fa4a7dd1d8378168d9b4cd8d4560a6fbf6f0121c5fc34eb68/importlib_metadata-8.6.1-py3-none-any.whl
      - pypi: https://files.pythonhosted.org/packages/a4/ed/1f1afb2e9e7f38a545d628f864d562a5ae64fe6f7a10e28ffb9b185b4e89/importlib_resources-6.5.2-py3-none-any.whl
      - pypi: https://files.pythonhosted.org/packages/69/4a/4f9dbeb84e8850557c02365a0eee0649abe5eb1d84af92a25731c6c0f922/jsonschema-4.23.0-py3-none-any.whl
      - pypi: https://files.pythonhosted.org/packages/d1/0f/8910b19ac0670a0f80ce1008e5e751c4a57e14d2c4c13a482aa6079fa9d6/jsonschema_specifications-2024.10.1-py3-none-any.whl
      - pypi: https://files.pythonhosted.org/packages/55/59/80673123358c0e0b2b773b74ac3d14717e35cfcceac5243b61f88e08b883/lz4-4.4.3-cp312-cp312-manylinux_2_17_x86_64.manylinux2014_x86_64.whl
      - pypi: https://files.pythonhosted.org/packages/f1/54/65af8de681fa8255402c80eda2a501ba467921d5a7a028c9c22a2c2eedb5/msgpack-1.1.0-cp312-cp312-manylinux_2_17_x86_64.manylinux2014_x86_64.whl
      - pypi: https://files.pythonhosted.org/packages/9b/5d/f25ac7d4fb77cbd53ddc6d05d833c6bf52b12770a44fa9a447eed470ca9a/msgpack_numpy-0.4.8-py2.py3-none-any.whl
      - pypi: https://files.pythonhosted.org/packages/02/e2/e2cbb8d634151aab9528ef7b8bab52ee4ab10e076509285602c2a3a686e0/numpy-2.2.4-cp312-cp312-manylinux_2_17_x86_64.manylinux2014_x86_64.whl
      - pypi: https://files.pythonhosted.org/packages/a3/87/5413da9dd80d66ff86205bbd08a9cf69165642565c00cfce6590e0e82980/opentelemetry_api-1.31.0-py3-none-any.whl
      - pypi: https://files.pythonhosted.org/packages/f4/3c/8cc1cc84deffa6e25d2d0c688ebb80635dfdbf1dbea3e30c541c8cf4d860/pydantic-2.10.6-py3-none-any.whl
      - pypi: https://files.pythonhosted.org/packages/8d/f0/49129b27c43396581a635d8710dae54a791b17dfc50c70164866bbf865e3/pydantic_core-2.27.2-cp312-cp312-manylinux_2_17_x86_64.manylinux2014_x86_64.whl
      - pypi: https://files.pythonhosted.org/packages/90/cb/c13d8a74419dde9590ed6fab293b516f68316ac87d06569b79b5f446d519/pydantic_numpy-8.0.1-py3-none-any.whl
      - pypi: https://files.pythonhosted.org/packages/b9/2b/614b4752f2e127db5cc206abc23a8c19678e92b23c3db30fc86ab731d3bd/PyYAML-6.0.2-cp312-cp312-manylinux_2_17_x86_64.manylinux2014_x86_64.whl
      - pypi: https://files.pythonhosted.org/packages/c1/b1/3baf80dc6d2b7bc27a95a67752d0208e410351e3feb4eb78de5f77454d8d/referencing-0.36.2-py3-none-any.whl
      - pypi: https://files.pythonhosted.org/packages/db/5e/e759cd1c276d98a4b1f464b17a9bf66c65d29f8f85754e27e1467feaa7c3/rpds_py-0.23.1-cp312-cp312-manylinux_2_17_x86_64.manylinux2014_x86_64.whl
      - pypi: https://files.pythonhosted.org/packages/c2/36/dfc1ebc0081e6d39924a2cc53654497f967a084a436bb64402dfce4254d9/ruamel.yaml-0.18.10-py3-none-any.whl
      - pypi: https://files.pythonhosted.org/packages/44/d0/3f68a86e006448fb6c005aee66565b9eb89014a70c491d70c08de597f8e4/ruamel.yaml.clib-0.2.12-cp312-cp312-manylinux_2_17_x86_64.manylinux2014_x86_64.whl
      - pypi: https://files.pythonhosted.org/packages/a6/24/4d91e05817e92e3a61c8a21e08fd0f390f5301f1c448b137c57c4bc6e543/semver-3.0.4-py3-none-any.whl
      - pypi: https://files.pythonhosted.org/packages/03/98/eb27cc78ad3af8e302c9d8ff4977f5026676e130d28dd7578132a457170c/toolz-1.0.0-py3-none-any.whl
      - pypi: https://files.pythonhosted.org/packages/d0/30/dc54f88dd4a2b5dc8a0279bdd7270e735851848b762aeb1c1184ed1f6b14/tqdm-4.67.1-py3-none-any.whl
      - pypi: https://files.pythonhosted.org/packages/26/9f/ad63fc0248c5379346306f8668cda6e2e2e9c95e01216d2b8ffd9ff037d0/typing_extensions-4.12.2-py3-none-any.whl
      - pypi: https://files.pythonhosted.org/packages/2a/5a/04cde32b07a7431d4ed0553a76fdb7a61270e78c5fd5a603e190ac389f14/wrapt-1.17.2-cp312-cp312-manylinux_2_5_x86_64.manylinux1_x86_64.manylinux_2_17_x86_64.manylinux2014_x86_64.whl
      - pypi: https://files.pythonhosted.org/packages/b7/1a/7e4798e9339adc931158c9d69ecc34f5e6791489d469f5e50ec15e35f458/zipp-3.21.0-py3-none-any.whl
      - pypi: .
packages:
- conda: https://conda.anaconda.org/conda-forge/linux-64/_libgcc_mutex-0.1-conda_forge.tar.bz2
  sha256: fe51de6107f9edc7aa4f786a70f4a883943bc9d39b3bb7307c04c41410990726
  md5: d7c89558ba9fa0495403155b64376d81
  license: None
  purls: []
  size: 2562
  timestamp: 1578324546067
- conda: https://conda.anaconda.org/conda-forge/linux-64/_openmp_mutex-4.5-2_gnu.tar.bz2
  build_number: 16
  sha256: fbe2c5e56a653bebb982eda4876a9178aedfc2b545f25d0ce9c4c0b508253d22
  md5: 73aaf86a425cc6e73fcf236a5a46396d
  depends:
  - _libgcc_mutex 0.1 conda_forge
  - libgomp >=7.5.0
  constrains:
  - openmp_impl 9999
  license: BSD-3-Clause
  license_family: BSD
  purls: []
  size: 23621
  timestamp: 1650670423406
- pypi: https://files.pythonhosted.org/packages/78/b6/6307fbef88d9b5ee7421e68d78a9f162e0da4900bc5f5793f6d3d0e34fb8/annotated_types-0.7.0-py3-none-any.whl
  name: annotated-types
  version: 0.7.0
  sha256: 1f02e8b43a8fbbc3f3e0d4f0f4bfc8131bcb4eebe8849b8e5c773f3a1c582a53
  requires_dist:
  - typing-extensions>=4.0.0 ; python_full_version < '3.9'
  requires_python: '>=3.8'
- pypi: https://files.pythonhosted.org/packages/77/06/bb80f5f86020c4551da315d78b3ab75e8228f89f0162f2c3a819e407941a/attrs-25.3.0-py3-none-any.whl
  name: attrs
  version: 25.3.0
  sha256: 427318ce031701fea540783410126f03899a97ffc6f61596ad581ac2e40e3bc3
  requires_dist:
  - cloudpickle ; platform_python_implementation == 'CPython' and extra == 'benchmark'
  - hypothesis ; extra == 'benchmark'
  - mypy>=1.11.1 ; python_full_version >= '3.10' and platform_python_implementation == 'CPython' and extra == 'benchmark'
  - pympler ; extra == 'benchmark'
  - pytest-codspeed ; extra == 'benchmark'
  - pytest-mypy-plugins ; python_full_version >= '3.10' and platform_python_implementation == 'CPython' and extra == 'benchmark'
  - pytest-xdist[psutil] ; extra == 'benchmark'
  - pytest>=4.3.0 ; extra == 'benchmark'
  - cloudpickle ; platform_python_implementation == 'CPython' and extra == 'cov'
  - coverage[toml]>=5.3 ; extra == 'cov'
  - hypothesis ; extra == 'cov'
  - mypy>=1.11.1 ; python_full_version >= '3.10' and platform_python_implementation == 'CPython' and extra == 'cov'
  - pympler ; extra == 'cov'
  - pytest-mypy-plugins ; python_full_version >= '3.10' and platform_python_implementation == 'CPython' and extra == 'cov'
  - pytest-xdist[psutil] ; extra == 'cov'
  - pytest>=4.3.0 ; extra == 'cov'
  - cloudpickle ; platform_python_implementation == 'CPython' and extra == 'dev'
  - hypothesis ; extra == 'dev'
  - mypy>=1.11.1 ; python_full_version >= '3.10' and platform_python_implementation == 'CPython' and extra == 'dev'
  - pre-commit-uv ; extra == 'dev'
  - pympler ; extra == 'dev'
  - pytest-mypy-plugins ; python_full_version >= '3.10' and platform_python_implementation == 'CPython' and extra == 'dev'
  - pytest-xdist[psutil] ; extra == 'dev'
  - pytest>=4.3.0 ; extra == 'dev'
  - cogapp ; extra == 'docs'
  - furo ; extra == 'docs'
  - myst-parser ; extra == 'docs'
  - sphinx ; extra == 'docs'
  - sphinx-notfound-page ; extra == 'docs'
  - sphinxcontrib-towncrier ; extra == 'docs'
  - towncrier ; extra == 'docs'
  - cloudpickle ; platform_python_implementation == 'CPython' and extra == 'tests'
  - hypothesis ; extra == 'tests'
  - mypy>=1.11.1 ; python_full_version >= '3.10' and platform_python_implementation == 'CPython' and extra == 'tests'
  - pympler ; extra == 'tests'
  - pytest-mypy-plugins ; python_full_version >= '3.10' and platform_python_implementation == 'CPython' and extra == 'tests'
  - pytest-xdist[psutil] ; extra == 'tests'
  - pytest>=4.3.0 ; extra == 'tests'
  - mypy>=1.11.1 ; python_full_version >= '3.10' and platform_python_implementation == 'CPython' and extra == 'tests-mypy'
  - pytest-mypy-plugins ; python_full_version >= '3.10' and platform_python_implementation == 'CPython' and extra == 'tests-mypy'
  requires_python: '>=3.8'
- pypi: https://files.pythonhosted.org/packages/79/eb/02f2aff05346ee210c50d86a27656a26d00f27303983c6e8fef27cb91ab5/bluesky-1.13.1-py3-none-any.whl
  name: bluesky
  version: 1.13.1
  sha256: 26723ef67132ca9196824e3471298d2b5c2933153efa0d3a48401e2f3cbb4ee1
  requires_dist:
  - cycler
  - event-model>=1.19.8
  - historydict
  - importlib-resources ; python_full_version < '3.9'
  - msgpack
  - msgpack-numpy
  - numpy
  - opentelemetry-api
  - toolz
  - tqdm>=4.44
  - typing-extensions>=4.0.0 ; python_full_version < '3.11'
  - dataclasses ; python_full_version < '3.7'
  - attrs ; extra == 'dev'
  - cloudpickle ; extra == 'dev'
  - copier ; extra == 'dev'
  - coverage ; extra == 'dev'
  - databroker ; extra == 'dev'
  - doct ; extra == 'dev'
  - doctr ; extra == 'dev'
  - flake8 ; extra == 'dev'
  - ipython ; extra == 'dev'
  - ipywidgets ; extra == 'dev'
  - jinja2 ; extra == 'dev'
  - lmfit ; extra == 'dev'
  - matplotlib>=3.5.0 ; extra == 'dev'
  - mongoquery ; extra == 'dev'
  - multiprocess ; extra == 'dev'
  - mypy ; extra == 'dev'
  - myst-parser ; extra == 'dev'
  - networkx ; extra == 'dev'
  - numpydoc ; extra == 'dev'
  - ophyd ; extra == 'dev'
  - packaging ; extra == 'dev'
  - pandas ; extra == 'dev'
  - pickleshare ; extra == 'dev'
  - pipdeptree ; extra == 'dev'
  - pre-commit ; extra == 'dev'
  - pydata-sphinx-theme>=0.12 ; extra == 'dev'
  - pyepics<=3.5.2 ; python_full_version < '3.9' and extra == 'dev'
  - pyepics ; python_full_version >= '3.9' and extra == 'dev'
  - pyqt5 ; extra == 'dev'
  - pytest ; extra == 'dev'
  - pytest-cov ; extra == 'dev'
  - pytest-faulthandler ; extra == 'dev'
  - pyyaml ; extra == 'dev'
  - pyzmq ; extra == 'dev'
  - requests ; extra == 'dev'
  - ruff ; extra == 'dev'
  - scikit-image ; extra == 'dev'
  - scipy ; extra == 'dev'
  - sphinx<7.3 ; extra == 'dev'
  - sphinx-autobuild ; extra == 'dev'
  - sphinx-copybutton ; extra == 'dev'
  - sphinx-design ; extra == 'dev'
  - sphinx-rtd-theme ; extra == 'dev'
  - streamz ; extra == 'dev'
  - suitcase-jsonl ; extra == 'dev'
  - suitcase-mongo ; extra == 'dev'
  - suitcase-msgpack ; extra == 'dev'
  - tifffile ; extra == 'dev'
  - tox-direct ; extra == 'dev'
  - types-mock ; extra == 'dev'
  - tiled[all] ; extra == 'dev'
  - vendoring ; extra == 'dev'
  - zict ; extra == 'dev'
  - ipython ; extra == 'ipython'
  - pyzmq ; extra == 'zmq'
  - ophyd ; extra == 'common'
  - databroker ; extra == 'common'
  - doct ; extra == 'tools'
  - lmfit ; extra == 'tools'
  - tifffile ; extra == 'tools'
  - historydict ; extra == 'tools'
  - streamz ; extra == 'streamz'
  - matplotlib ; extra == 'plotting'
  - colorama ; extra == 'cmd'
  - jinja2 ; extra == 'olog'
  - zict<3 ; extra == 'old-persistentdict'
  - bluesky[cmd,common,dev,ipython,olog,plotting,streamz,tools,zmq] ; extra == 'all'
  requires_python: '>=3.9'
- conda: https://conda.anaconda.org/conda-forge/linux-64/bzip2-1.0.8-h4bc722e_7.conda
  sha256: 5ced96500d945fb286c9c838e54fa759aa04a7129c59800f0846b4335cee770d
  md5: 62ee74e96c5ebb0af99386de58cf9553
  depends:
  - __glibc >=2.17,<3.0.a0
  - libgcc-ng >=12
  license: bzip2-1.0.6
  license_family: BSD
  purls: []
  size: 252783
  timestamp: 1720974456583
- conda: https://conda.anaconda.org/conda-forge/linux-64/ca-certificates-2025.1.31-hbcca054_0.conda
  sha256: bf832198976d559ab44d6cdb315642655547e26d826e34da67cbee6624cda189
  md5: 19f3a56f68d2fd06c516076bff482c52
  license: ISC
  purls: []
  size: 158144
  timestamp: 1738298224464
- conda: https://conda.anaconda.org/conda-forge/noarch/colorama-0.4.6-pyhd8ed1ab_1.conda
  sha256: ab29d57dc70786c1269633ba3dff20288b81664d3ff8d21af995742e2bb03287
  md5: 962b9857ee8e7018c22f2776ffa0b2d7
  depends:
  - python >=3.9
  license: BSD-3-Clause
  license_family: BSD
  purls:
  - pkg:pypi/colorama?source=hash-mapping
  size: 27011
  timestamp: 1733218222191
- pypi: https://files.pythonhosted.org/packages/e3/51/9b208e85196941db2f0654ad0357ca6388ab3ed67efdbfc799f35d1f83aa/colorlog-6.9.0-py3-none-any.whl
  name: colorlog
  version: 6.9.0
  sha256: 5906e71acd67cb07a71e779c47c4bcb45fb8c2993eebe9e5adcd6a6f1b283eff
  requires_dist:
  - colorama ; sys_platform == 'win32'
  - black ; extra == 'development'
  - flake8 ; extra == 'development'
  - mypy ; extra == 'development'
  - pytest ; extra == 'development'
  - types-colorama ; extra == 'development'
  requires_python: '>=3.6'
- pypi: https://files.pythonhosted.org/packages/f3/4f/f94ac1b84d2169cf2ebf64353ce98fd743f85d30678059c514d9b3d6644c/compress_pickle-2.1.0-py3-none-any.whl
  name: compress-pickle
  version: 2.1.0
  sha256: 598650da4686d9bd97bee185b61e74d7fe1872bb0c23909d5ed2d8793b4a8818
  requires_dist:
  - cloudpickle ; extra == 'cloudpickle'
  - dill ; extra == 'dill'
  - lz4 ; extra == 'full'
  - dill ; extra == 'full'
  - cloudpickle ; extra == 'full'
  - lz4 ; extra == 'lz4'
  requires_python: '>=3.6'
- pypi: https://files.pythonhosted.org/packages/e7/05/c19819d5e3d95294a6f5947fb9b9629efb316b96de511b418c53d245aae6/cycler-0.12.1-py3-none-any.whl
  name: cycler
  version: 0.12.1
  sha256: 85cef7cff222d8644161529808465972e51340599459b8ac3ccbac5a854e0d30
  requires_dist:
  - ipython ; extra == 'docs'
  - matplotlib ; extra == 'docs'
  - numpydoc ; extra == 'docs'
  - sphinx ; extra == 'docs'
  - pytest ; extra == 'tests'
  - pytest-cov ; extra == 'tests'
  - pytest-xdist ; extra == 'tests'
  requires_python: '>=3.8'
- pypi: https://files.pythonhosted.org/packages/6e/c6/ac0b6c1e2d138f1002bcf799d330bd6d85084fece321e662a14223794041/Deprecated-1.2.18-py2.py3-none-any.whl
  name: deprecated
  version: 1.2.18
  sha256: bd5011788200372a32418f888e326a09ff80d0214bd961147cfed01b5c018eec
  requires_dist:
  - wrapt>=1.10,<2
  - tox ; extra == 'dev'
  - pytest ; extra == 'dev'
  - pytest-cov ; extra == 'dev'
  - bump2version<1 ; extra == 'dev'
  - setuptools ; python_full_version >= '3.12' and extra == 'dev'
  requires_python: '>=2.7,!=3.0.*,!=3.1.*,!=3.2.*,!=3.3.*'
- pypi: https://files.pythonhosted.org/packages/b1/f2/47e3f0e06c3bc3834db2a4ed01641e1ce493108461b9540dd5d2fb60d334/event_model-1.22.3-py3-none-any.whl
  name: event-model
  version: 1.22.3
  sha256: 265f6730d35dc181bc6880e4d3ee94a888c39b1361a3f7bb12f4090acc538dad
  requires_dist:
  - importlib-resources
  - jsonschema>=4
  - numpy
  - typing-extensions
  - mypy ; extra == 'dev'
  - myst-parser ; extra == 'dev'
  - pipdeptree ; extra == 'dev'
  - pre-commit ; extra == 'dev'
  - pydata-sphinx-theme>=0.12 ; extra == 'dev'
  - pytest ; extra == 'dev'
  - pytest-cov ; extra == 'dev'
  - ruff ; extra == 'dev'
  - sphinx-autobuild ; extra == 'dev'
  - sphinx-copybutton ; extra == 'dev'
  - sphinx-design ; extra == 'dev'
  - tox-direct ; extra == 'dev'
  - types-mock ; extra == 'dev'
  - copier ; extra == 'dev'
  - ipython ; extra == 'dev'
  - matplotlib ; extra == 'dev'
  - numpydoc ; extra == 'dev'
  - pydantic>=2.6 ; extra == 'dev'
  requires_python: '>=3.8'
- conda: https://conda.anaconda.org/conda-forge/noarch/exceptiongroup-1.2.2-pyhd8ed1ab_1.conda
  sha256: cbde2c64ec317118fc06b223c5fd87c8a680255e7348dd60e7b292d2e103e701
  md5: a16662747cdeb9abbac74d0057cc976e
  depends:
  - python >=3.9
  license: MIT and PSF-2.0
  purls:
  - pkg:pypi/exceptiongroup?source=hash-mapping
  size: 20486
  timestamp: 1733208916977
- pypi: https://files.pythonhosted.org/packages/fe/47/deb64c73aec25af7699247e021153a6bfe9a08452f7f7337dcee4aa07a2b/historydict-1.2.6-py3-none-any.whl
  name: historydict
  version: 1.2.6
  sha256: b4b00a170f05502aa682caba62435da5fe1f73037e884707581fe84f8d7b43f5
- pypi: https://files.pythonhosted.org/packages/79/9d/0fb148dc4d6fa4a7dd1d8378168d9b4cd8d4560a6fbf6f0121c5fc34eb68/importlib_metadata-8.6.1-py3-none-any.whl
  name: importlib-metadata
  version: 8.6.1
  sha256: 02a89390c1e15fdfdc0d7c6b25cb3e62650d0494005c97d6f148bf5b9787525e
  requires_dist:
  - zipp>=3.20
  - typing-extensions>=3.6.4 ; python_full_version < '3.8'
  - pytest>=6,!=8.1.* ; extra == 'test'
  - importlib-resources>=1.3 ; python_full_version < '3.9' and extra == 'test'
  - packaging ; extra == 'test'
  - pyfakefs ; extra == 'test'
  - flufl-flake8 ; extra == 'test'
  - pytest-perf>=0.9.2 ; extra == 'test'
  - jaraco-test>=5.4 ; extra == 'test'
  - sphinx>=3.5 ; extra == 'doc'
  - jaraco-packaging>=9.3 ; extra == 'doc'
  - rst-linker>=1.9 ; extra == 'doc'
  - furo ; extra == 'doc'
  - sphinx-lint ; extra == 'doc'
  - jaraco-tidelift>=1.4 ; extra == 'doc'
  - ipython ; extra == 'perf'
  - pytest-checkdocs>=2.4 ; extra == 'check'
  - pytest-ruff>=0.2.1 ; sys_platform != 'cygwin' and extra == 'check'
  - pytest-cov ; extra == 'cover'
  - pytest-enabler>=2.2 ; extra == 'enabler'
  - pytest-mypy ; extra == 'type'
  requires_python: '>=3.9'
- pypi: https://files.pythonhosted.org/packages/a4/ed/1f1afb2e9e7f38a545d628f864d562a5ae64fe6f7a10e28ffb9b185b4e89/importlib_resources-6.5.2-py3-none-any.whl
  name: importlib-resources
  version: 6.5.2
  sha256: 789cfdc3ed28c78b67a06acb8126751ced69a3d5f79c095a98298cd8a760ccec
  requires_dist:
  - zipp>=3.1.0 ; python_full_version < '3.10'
  - pytest>=6,!=8.1.* ; extra == 'test'
  - zipp>=3.17 ; extra == 'test'
  - jaraco-test>=5.4 ; extra == 'test'
  - sphinx>=3.5 ; extra == 'doc'
  - jaraco-packaging>=9.3 ; extra == 'doc'
  - rst-linker>=1.9 ; extra == 'doc'
  - furo ; extra == 'doc'
  - sphinx-lint ; extra == 'doc'
  - jaraco-tidelift>=1.4 ; extra == 'doc'
  - pytest-checkdocs>=2.4 ; extra == 'check'
  - pytest-ruff>=0.2.1 ; sys_platform != 'cygwin' and extra == 'check'
  - pytest-cov ; extra == 'cover'
  - pytest-enabler>=2.2 ; extra == 'enabler'
  - pytest-mypy ; extra == 'type'
  requires_python: '>=3.9'
- conda: https://conda.anaconda.org/conda-forge/noarch/iniconfig-2.0.0-pyhd8ed1ab_1.conda
  sha256: 0ec8f4d02053cd03b0f3e63168316530949484f80e16f5e2fb199a1d117a89ca
  md5: 6837f3eff7dcea42ecd714ce1ac2b108
  depends:
  - python >=3.9
  license: MIT
  license_family: MIT
  purls:
  - pkg:pypi/iniconfig?source=hash-mapping
  size: 11474
  timestamp: 1733223232820
- pypi: https://files.pythonhosted.org/packages/69/4a/4f9dbeb84e8850557c02365a0eee0649abe5eb1d84af92a25731c6c0f922/jsonschema-4.23.0-py3-none-any.whl
  name: jsonschema
  version: 4.23.0
  sha256: fbadb6f8b144a8f8cf9f0b89ba94501d143e50411a1278633f56a7acf7fd5566
  requires_dist:
  - attrs>=22.2.0
  - importlib-resources>=1.4.0 ; python_full_version < '3.9'
  - jsonschema-specifications>=2023.3.6
  - pkgutil-resolve-name>=1.3.10 ; python_full_version < '3.9'
  - referencing>=0.28.4
  - rpds-py>=0.7.1
  - fqdn ; extra == 'format'
  - idna ; extra == 'format'
  - isoduration ; extra == 'format'
  - jsonpointer>1.13 ; extra == 'format'
  - rfc3339-validator ; extra == 'format'
  - rfc3987 ; extra == 'format'
  - uri-template ; extra == 'format'
  - webcolors>=1.11 ; extra == 'format'
  - fqdn ; extra == 'format-nongpl'
  - idna ; extra == 'format-nongpl'
  - isoduration ; extra == 'format-nongpl'
  - jsonpointer>1.13 ; extra == 'format-nongpl'
  - rfc3339-validator ; extra == 'format-nongpl'
  - rfc3986-validator>0.1.0 ; extra == 'format-nongpl'
  - uri-template ; extra == 'format-nongpl'
  - webcolors>=24.6.0 ; extra == 'format-nongpl'
  requires_python: '>=3.8'
- pypi: https://files.pythonhosted.org/packages/d1/0f/8910b19ac0670a0f80ce1008e5e751c4a57e14d2c4c13a482aa6079fa9d6/jsonschema_specifications-2024.10.1-py3-none-any.whl
  name: jsonschema-specifications
  version: 2024.10.1
  sha256: a09a0680616357d9a0ecf05c12ad234479f549239d0f5b55f3deea67475da9bf
  requires_dist:
  - referencing>=0.31.0
  requires_python: '>=3.9'
- conda: https://conda.anaconda.org/conda-forge/linux-64/ld_impl_linux-64-2.43-h712a8e2_4.conda
  sha256: db73f38155d901a610b2320525b9dd3b31e4949215c870685fd92ea61b5ce472
  md5: 01f8d123c96816249efd255a31ad7712
  depends:
  - __glibc >=2.17,<3.0.a0
  constrains:
  - binutils_impl_linux-64 2.43
  license: GPL-3.0-only
  license_family: GPL
  purls: []
  size: 671240
  timestamp: 1740155456116
- conda: https://conda.anaconda.org/conda-forge/linux-64/libexpat-2.6.4-h5888daf_0.conda
  sha256: 56541b98447b58e52d824bd59d6382d609e11de1f8adf20b23143e353d2b8d26
  md5: db833e03127376d461e1e13e76f09b6c
  depends:
  - __glibc >=2.17,<3.0.a0
  - libgcc >=13
  constrains:
  - expat 2.6.4.*
  license: MIT
  license_family: MIT
  purls: []
  size: 73304
  timestamp: 1730967041968
- conda: https://conda.anaconda.org/conda-forge/linux-64/libffi-3.4.6-h2dba641_0.conda
  sha256: 67a6c95e33ebc763c1adc3455b9a9ecde901850eb2fceb8e646cc05ef3a663da
  md5: e3eb7806380bc8bcecba6d749ad5f026
  depends:
  - __glibc >=2.17,<3.0.a0
  - libgcc >=13
  license: MIT
  license_family: MIT
  purls: []
  size: 53415
  timestamp: 1739260413716
- conda: https://conda.anaconda.org/conda-forge/linux-64/libgcc-14.2.0-h767d61c_2.conda
  sha256: 3a572d031cb86deb541d15c1875aaa097baefc0c580b54dc61f5edab99215792
  md5: ef504d1acbd74b7cc6849ef8af47dd03
  depends:
  - __glibc >=2.17,<3.0.a0
  - _openmp_mutex >=4.5
  constrains:
  - libgomp 14.2.0 h767d61c_2
  - libgcc-ng ==14.2.0=*_2
  license: GPL-3.0-only WITH GCC-exception-3.1
  license_family: GPL
  purls: []
  size: 847885
  timestamp: 1740240653082
- conda: https://conda.anaconda.org/conda-forge/linux-64/libgcc-ng-14.2.0-h69a702a_2.conda
  sha256: fb7558c328b38b2f9d2e412c48da7890e7721ba018d733ebdfea57280df01904
  md5: a2222a6ada71fb478682efe483ce0f92
  depends:
  - libgcc 14.2.0 h767d61c_2
  license: GPL-3.0-only WITH GCC-exception-3.1
  license_family: GPL
  purls: []
  size: 53758
  timestamp: 1740240660904
- conda: https://conda.anaconda.org/conda-forge/linux-64/libgomp-14.2.0-h767d61c_2.conda
  sha256: 1a3130e0b9267e781b89399580f3163632d59fe5b0142900d63052ab1a53490e
  md5: 06d02030237f4d5b3d9a7e7d348fe3c6
  depends:
  - __glibc >=2.17,<3.0.a0
  license: GPL-3.0-only WITH GCC-exception-3.1
  license_family: GPL
  purls: []
  size: 459862
  timestamp: 1740240588123
- conda: https://conda.anaconda.org/conda-forge/linux-64/liblzma-5.6.4-hb9d3cd8_0.conda
  sha256: cad52e10319ca4585bc37f0bc7cce99ec7c15dc9168e42ccb96b741b0a27db3f
  md5: 42d5b6a0f30d3c10cd88cb8584fda1cb
  depends:
  - __glibc >=2.17,<3.0.a0
  - libgcc >=13
  license: 0BSD
  purls: []
  size: 111357
  timestamp: 1738525339684
- conda: https://conda.anaconda.org/conda-forge/linux-64/libnsl-2.0.1-hd590300_0.conda
  sha256: 26d77a3bb4dceeedc2a41bd688564fe71bf2d149fdcf117049970bc02ff1add6
  md5: 30fd6e37fe21f86f4bd26d6ee73eeec7
  depends:
  - libgcc-ng >=12
  license: LGPL-2.1-only
  license_family: GPL
  purls: []
  size: 33408
  timestamp: 1697359010159
- conda: https://conda.anaconda.org/conda-forge/linux-64/libsqlite-3.49.1-hee588c1_2.conda
  sha256: a086289bf75c33adc1daed3f1422024504ffb5c3c8b3285c49f025c29708ed16
  md5: 962d6ac93c30b1dfc54c9cccafd1003e
  depends:
  - __glibc >=2.17,<3.0.a0
  - libgcc >=13
  - libzlib >=1.3.1,<2.0a0
  license: Unlicense
  purls: []
  size: 918664
  timestamp: 1742083674731
- conda: https://conda.anaconda.org/conda-forge/linux-64/libuuid-2.38.1-h0b41bf4_0.conda
  sha256: 787eb542f055a2b3de553614b25f09eefb0a0931b0c87dbcce6efdfd92f04f18
  md5: 40b61aab5c7ba9ff276c41cfffe6b80b
  depends:
  - libgcc-ng >=12
  license: BSD-3-Clause
  license_family: BSD
  purls: []
  size: 33601
  timestamp: 1680112270483
- conda: https://conda.anaconda.org/conda-forge/linux-64/libxcrypt-4.4.36-hd590300_1.conda
  sha256: 6ae68e0b86423ef188196fff6207ed0c8195dd84273cb5623b85aa08033a410c
  md5: 5aa797f8787fe7a17d1b0821485b5adc
  depends:
  - libgcc-ng >=12
  license: LGPL-2.1-or-later
  purls: []
  size: 100393
  timestamp: 1702724383534
- conda: https://conda.anaconda.org/conda-forge/linux-64/libzlib-1.3.1-hb9d3cd8_2.conda
  sha256: d4bfe88d7cb447768e31650f06257995601f89076080e76df55e3112d4e47dc4
  md5: edb0dca6bc32e4f4789199455a1dbeb8
  depends:
  - __glibc >=2.17,<3.0.a0
  - libgcc >=13
  constrains:
  - zlib 1.3.1 *_2
  license: Zlib
  license_family: Other
  purls: []
  size: 60963
  timestamp: 1727963148474
- pypi: https://files.pythonhosted.org/packages/55/59/80673123358c0e0b2b773b74ac3d14717e35cfcceac5243b61f88e08b883/lz4-4.4.3-cp312-cp312-manylinux_2_17_x86_64.manylinux2014_x86_64.whl
  name: lz4
  version: 4.4.3
  sha256: 38df5929ffefa9dda120ba1790a2e94fda81916c5aaa1ee652f4b1e515ebb9ed
  requires_dist:
  - pytest!=3.3.0 ; extra == 'tests'
  - psutil ; extra == 'tests'
  - pytest-cov ; extra == 'tests'
  - sphinx>=1.6.0 ; extra == 'docs'
  - sphinx-bootstrap-theme ; extra == 'docs'
  - flake8 ; extra == 'flake8'
  requires_python: '>=3.9'
- pypi: https://files.pythonhosted.org/packages/f1/54/65af8de681fa8255402c80eda2a501ba467921d5a7a028c9c22a2c2eedb5/msgpack-1.1.0-cp312-cp312-manylinux_2_17_x86_64.manylinux2014_x86_64.whl
  name: msgpack
  version: 1.1.0
  sha256: 17fb65dd0bec285907f68b15734a993ad3fc94332b5bb21b0435846228de1f39
  requires_python: '>=3.8'
- pypi: https://files.pythonhosted.org/packages/9b/5d/f25ac7d4fb77cbd53ddc6d05d833c6bf52b12770a44fa9a447eed470ca9a/msgpack_numpy-0.4.8-py2.py3-none-any.whl
  name: msgpack-numpy
  version: 0.4.8
  sha256: 773c19d4dfbae1b3c7b791083e2caf66983bb19b40901646f61d8731554ae3da
  requires_dist:
  - numpy>=1.9.0
  - msgpack>=0.5.2
- conda: https://conda.anaconda.org/conda-forge/linux-64/ncurses-6.5-h2d0b736_3.conda
  sha256: 3fde293232fa3fca98635e1167de6b7c7fda83caf24b9d6c91ec9eefb4f4d586
  md5: 47e340acb35de30501a76c7c799c41d7
  depends:
  - __glibc >=2.17,<3.0.a0
  - libgcc >=13
  license: X11 AND BSD-3-Clause
  purls: []
  size: 891641
  timestamp: 1738195959188
- pypi: https://files.pythonhosted.org/packages/02/e2/e2cbb8d634151aab9528ef7b8bab52ee4ab10e076509285602c2a3a686e0/numpy-2.2.4-cp312-cp312-manylinux_2_17_x86_64.manylinux2014_x86_64.whl
  name: numpy
  version: 2.2.4
  sha256: 4f92084defa704deadd4e0a5ab1dc52d8ac9e8a8ef617f3fbb853e79b0ea3592
  requires_python: '>=3.10'
- conda: https://conda.anaconda.org/conda-forge/linux-64/openssl-3.4.1-h7b32b05_0.conda
  sha256: cbf62df3c79a5c2d113247ddea5658e9ff3697b6e741c210656e239ecaf1768f
  md5: 41adf927e746dc75ecf0ef841c454e48
  depends:
  - __glibc >=2.17,<3.0.a0
  - ca-certificates
  - libgcc >=13
  license: Apache-2.0
  license_family: Apache
  purls: []
  size: 2939306
  timestamp: 1739301879343
- pypi: https://files.pythonhosted.org/packages/a3/87/5413da9dd80d66ff86205bbd08a9cf69165642565c00cfce6590e0e82980/opentelemetry_api-1.31.0-py3-none-any.whl
  name: opentelemetry-api
  version: 1.31.0
  sha256: 145b72c6c16977c005c568ec32f4946054ab793d8474a17fd884b0397582c5f2
  requires_dist:
  - deprecated>=1.2.6
  - importlib-metadata>=6.0,<8.7.0
  requires_python: '>=3.8'
- pypi: .
  name: ophyd-async
  version: 0.9.1.dev98+g5ac7180d.d20250317
  sha256: ab897b70d268594738b8a690edd5f4b79b4e3ef860fb26c512cd625bb35180f3
  requires_dist:
  - numpy
  - bluesky>=1.13.1rc2
  - event-model>=1.22.1
  - pyyaml
  - colorlog
  - pydantic>=2.0
  - pydantic-numpy
  - h5py ; extra == 'sim'
  - aioca>=1.6 ; extra == 'ca'
  - p4p>=4.2.0 ; extra == 'pva'
  - pytango==10.0.0 ; extra == 'tango'
  - ipython ; extra == 'demo'
  - matplotlib ; extra == 'demo'
  - pyqt6 ; extra == 'demo'
  - ophyd-async[sim] ; extra == 'dev'
  - ophyd-async[ca] ; extra == 'dev'
  - ophyd-async[pva] ; extra == 'dev'
  - ophyd-async[tango] ; extra == 'dev'
  - ophyd-async[demo] ; extra == 'dev'
  - inflection ; extra == 'dev'
  - import-linter ; extra == 'dev'
  - myst-parser ; extra == 'dev'
  - numpydoc ; extra == 'dev'
  - ophyd ; extra == 'dev'
  - pickleshare ; extra == 'dev'
  - pipdeptree ; extra == 'dev'
  - pre-commit ; extra == 'dev'
  - pydata-sphinx-theme>=0.12 ; extra == 'dev'
  - pyepics>=3.4.2 ; extra == 'dev'
  - pyright ; extra == 'dev'
  - pytest ; extra == 'dev'
  - pytest-asyncio ; extra == 'dev'
  - pytest-cov ; extra == 'dev'
  - pytest-faulthandler ; extra == 'dev'
  - pytest-forked ; extra == 'dev'
  - pytest-rerunfailures ; extra == 'dev'
  - pytest-timeout ; extra == 'dev'
  - ruff ; extra == 'dev'
  - sphinx-autobuild ; extra == 'dev'
  - sphinx-autodoc2 ; extra == 'dev'
  - sphinxcontrib-mermaid ; extra == 'dev'
  - sphinx-copybutton ; extra == 'dev'
  - sphinx-design ; extra == 'dev'
  - tox-direct ; extra == 'dev'
  - types-mock ; extra == 'dev'
  - types-pyyaml ; extra == 'dev'
  requires_python: '>=3.10'
  editable: true
- conda: https://conda.anaconda.org/conda-forge/noarch/packaging-24.2-pyhd8ed1ab_2.conda
  sha256: da157b19bcd398b9804c5c52fc000fcb8ab0525bdb9c70f95beaa0bb42f85af1
  md5: 3bfed7e6228ebf2f7b9eaa47f1b4e2aa
  depends:
  - python >=3.8
  license: Apache-2.0
  license_family: APACHE
  purls:
  - pkg:pypi/packaging?source=hash-mapping
  size: 60164
  timestamp: 1733203368787
- conda: https://conda.anaconda.org/conda-forge/noarch/pluggy-1.5.0-pyhd8ed1ab_1.conda
  sha256: 122433fc5318816b8c69283aaf267c73d87aa2d09ce39f64c9805c9a3b264819
  md5: e9dcbce5f45f9ee500e728ae58b605b6
  depends:
  - python >=3.9
  license: MIT
  license_family: MIT
  purls:
  - pkg:pypi/pluggy?source=hash-mapping
  size: 23595
  timestamp: 1733222855563
- pypi: https://files.pythonhosted.org/packages/f4/3c/8cc1cc84deffa6e25d2d0c688ebb80635dfdbf1dbea3e30c541c8cf4d860/pydantic-2.10.6-py3-none-any.whl
  name: pydantic
  version: 2.10.6
  sha256: 427d664bf0b8a2b34ff5dd0f5a18df00591adcee7198fbd71981054cef37b584
  requires_dist:
  - annotated-types>=0.6.0
  - pydantic-core==2.27.2
  - typing-extensions>=4.12.2
  - email-validator>=2.0.0 ; extra == 'email'
  - tzdata ; python_full_version >= '3.9' and platform_system == 'Windows' and extra == 'timezone'
  requires_python: '>=3.8'
- pypi: https://files.pythonhosted.org/packages/8d/f0/49129b27c43396581a635d8710dae54a791b17dfc50c70164866bbf865e3/pydantic_core-2.27.2-cp312-cp312-manylinux_2_17_x86_64.manylinux2014_x86_64.whl
  name: pydantic-core
  version: 2.27.2
  sha256: 6fb4aadc0b9a0c063206846d603b92030eb6f03069151a625667f982887153e2
  requires_dist:
  - typing-extensions>=4.6.0,!=4.7.0
  requires_python: '>=3.8'
- pypi: https://files.pythonhosted.org/packages/90/cb/c13d8a74419dde9590ed6fab293b516f68316ac87d06569b79b5f446d519/pydantic_numpy-8.0.1-py3-none-any.whl
  name: pydantic-numpy
  version: 8.0.1
  sha256: bf4cd84f4f864074197e9cfeafddca76bfbd1c2ef48f88be7322cc75838de4ae
  requires_dist:
  - compress-pickle[lz4]
  - numpy>=2,<3
  - pydantic>=2.0,<3.0
  - ruamel-yaml>=0.18.5,<0.19.0
  - semver>=3.0.1,<4.0.0
  requires_python: '>=3.10,<3.14'
- conda: https://conda.anaconda.org/conda-forge/noarch/pytest-8.3.5-pyhd8ed1ab_0.conda
  sha256: 963524de7340c56615583ba7b97a6beb20d5c56a59defb59724dc2a3105169c9
  md5: c3c9316209dec74a705a36797970c6be
  depends:
  - colorama
  - exceptiongroup >=1.0.0rc8
  - iniconfig
  - packaging
  - pluggy <2,>=1.5
  - python >=3.9
  - tomli >=1
  constrains:
  - pytest-faulthandler >=2
  license: MIT
  license_family: MIT
  purls:
  - pkg:pypi/pytest?source=hash-mapping
  size: 259816
  timestamp: 1740946648058
- conda: https://conda.anaconda.org/conda-forge/linux-64/python-3.12.9-h9e4cc4f_1_cpython.conda
  build_number: 1
  sha256: 77f2073889d4c91a57bc0da73a0466d9164dbcf6191ea9c3a7be6872f784d625
  md5: d82342192dfc9145185190e651065aa9
  depends:
  - __glibc >=2.17,<3.0.a0
  - bzip2 >=1.0.8,<2.0a0
  - ld_impl_linux-64 >=2.36.1
  - libexpat >=2.6.4,<3.0a0
  - libffi >=3.4,<4.0a0
  - libgcc >=13
  - liblzma >=5.6.4,<6.0a0
  - libnsl >=2.0.1,<2.1.0a0
  - libsqlite >=3.49.1,<4.0a0
  - libuuid >=2.38.1,<3.0a0
  - libxcrypt >=4.4.36
  - libzlib >=1.3.1,<2.0a0
  - ncurses >=6.5,<7.0a0
  - openssl >=3.4.1,<4.0a0
  - readline >=8.2,<9.0a0
  - tk >=8.6.13,<8.7.0a0
  - tzdata
  constrains:
  - python_abi 3.12.* *_cp312
  license: Python-2.0
  purls: []
  size: 31670716
  timestamp: 1741130026152
- pypi: https://files.pythonhosted.org/packages/b9/2b/614b4752f2e127db5cc206abc23a8c19678e92b23c3db30fc86ab731d3bd/PyYAML-6.0.2-cp312-cp312-manylinux_2_17_x86_64.manylinux2014_x86_64.whl
  name: pyyaml
  version: 6.0.2
  sha256: 80bab7bfc629882493af4aa31a4cfa43a4c57c83813253626916b8c7ada83476
  requires_python: '>=3.8'
- conda: https://conda.anaconda.org/conda-forge/linux-64/readline-8.2-h8c095d6_2.conda
  sha256: 2d6d0c026902561ed77cd646b5021aef2d4db22e57a5b0178dfc669231e06d2c
  md5: 283b96675859b20a825f8fa30f311446
  depends:
  - libgcc >=13
  - ncurses >=6.5,<7.0a0
  license: GPL-3.0-only
  license_family: GPL
  purls: []
  size: 282480
  timestamp: 1740379431762
- pypi: https://files.pythonhosted.org/packages/c1/b1/3baf80dc6d2b7bc27a95a67752d0208e410351e3feb4eb78de5f77454d8d/referencing-0.36.2-py3-none-any.whl
  name: referencing
  version: 0.36.2
  sha256: e8699adbbf8b5c7de96d8ffa0eb5c158b3beafce084968e2ea8bb08c6794dcd0
  requires_dist:
  - attrs>=22.2.0
  - rpds-py>=0.7.0
  - typing-extensions>=4.4.0 ; python_full_version < '3.13'
  requires_python: '>=3.9'
- pypi: https://files.pythonhosted.org/packages/db/5e/e759cd1c276d98a4b1f464b17a9bf66c65d29f8f85754e27e1467feaa7c3/rpds_py-0.23.1-cp312-cp312-manylinux_2_17_x86_64.manylinux2014_x86_64.whl
  name: rpds-py
  version: 0.23.1
  sha256: d550d7e9e7d8676b183b37d65b5cd8de13676a738973d330b59dc8312df9c5dc
  requires_python: '>=3.9'
- pypi: https://files.pythonhosted.org/packages/c2/36/dfc1ebc0081e6d39924a2cc53654497f967a084a436bb64402dfce4254d9/ruamel.yaml-0.18.10-py3-none-any.whl
  name: ruamel-yaml
  version: 0.18.10
  sha256: 30f22513ab2301b3d2b577adc121c6471f28734d3d9728581245f1e76468b4f1
  requires_dist:
  - ruamel-yaml-clib>=0.2.7 ; python_full_version < '3.13' and platform_python_implementation == 'CPython'
  - ryd ; extra == 'docs'
  - mercurial>5.7 ; extra == 'docs'
  - ruamel-yaml-jinja2>=0.2 ; extra == 'jinja2'
  requires_python: '>=3.7'
- pypi: https://files.pythonhosted.org/packages/44/d0/3f68a86e006448fb6c005aee66565b9eb89014a70c491d70c08de597f8e4/ruamel.yaml.clib-0.2.12-cp312-cp312-manylinux_2_17_x86_64.manylinux2014_x86_64.whl
  name: ruamel-yaml-clib
  version: 0.2.12
  sha256: 95c3829bb364fdb8e0332c9931ecf57d9be3519241323c5274bd82f709cebc0c
  requires_python: '>=3.9'
- pypi: https://files.pythonhosted.org/packages/a6/24/4d91e05817e92e3a61c8a21e08fd0f390f5301f1c448b137c57c4bc6e543/semver-3.0.4-py3-none-any.whl
  name: semver
  version: 3.0.4
  sha256: 9c824d87ba7f7ab4a1890799cec8596f15c1241cb473404ea1cb0c55e4b04746
  requires_python: '>=3.7'
- conda: https://conda.anaconda.org/conda-forge/linux-64/tk-8.6.13-noxft_h4845f30_101.conda
  sha256: e0569c9caa68bf476bead1bed3d79650bb080b532c64a4af7d8ca286c08dea4e
  md5: d453b98d9c83e71da0741bb0ff4d76bc
  depends:
  - libgcc-ng >=12
  - libzlib >=1.2.13,<2.0.0a0
  license: TCL
  license_family: BSD
  purls: []
  size: 3318875
  timestamp: 1699202167581
- conda: https://conda.anaconda.org/conda-forge/noarch/tomli-2.2.1-pyhd8ed1ab_1.conda
  sha256: 18636339a79656962723077df9a56c0ac7b8a864329eb8f847ee3d38495b863e
  md5: ac944244f1fed2eb49bae07193ae8215
  depends:
  - python >=3.9
  license: MIT
  license_family: MIT
  purls:
  - pkg:pypi/tomli?source=hash-mapping
  size: 19167
  timestamp: 1733256819729
- pypi: https://files.pythonhosted.org/packages/03/98/eb27cc78ad3af8e302c9d8ff4977f5026676e130d28dd7578132a457170c/toolz-1.0.0-py3-none-any.whl
  name: toolz
  version: 1.0.0
  sha256: 292c8f1c4e7516bf9086f8850935c799a874039c8bcf959d47b600e4c44a6236
  requires_python: '>=3.8'
- pypi: https://files.pythonhosted.org/packages/d0/30/dc54f88dd4a2b5dc8a0279bdd7270e735851848b762aeb1c1184ed1f6b14/tqdm-4.67.1-py3-none-any.whl
  name: tqdm
  version: 4.67.1
  sha256: 26445eca388f82e72884e0d580d5464cd801a3ea01e63e5601bdff9ba6a48de2
  requires_dist:
  - colorama ; platform_system == 'Windows'
  - pytest>=6 ; extra == 'dev'
  - pytest-cov ; extra == 'dev'
  - pytest-timeout ; extra == 'dev'
  - pytest-asyncio>=0.24 ; extra == 'dev'
  - nbval ; extra == 'dev'
  - requests ; extra == 'discord'
  - slack-sdk ; extra == 'slack'
  - requests ; extra == 'telegram'
  - ipywidgets>=6 ; extra == 'notebook'
  requires_python: '>=3.7'
- pypi: https://files.pythonhosted.org/packages/26/9f/ad63fc0248c5379346306f8668cda6e2e2e9c95e01216d2b8ffd9ff037d0/typing_extensions-4.12.2-py3-none-any.whl
  name: typing-extensions
  version: 4.12.2
  sha256: 04e5ca0351e0f3f85c6853954072df659d0d13fac324d0072316b67d7794700d
  requires_python: '>=3.8'
- conda: https://conda.anaconda.org/conda-forge/noarch/tzdata-2025a-h78e105d_0.conda
  sha256: c4b1ae8a2931fe9b274c44af29c5475a85b37693999f8c792dad0f8c6734b1de
  md5: dbcace4706afdfb7eb891f7b37d07c04
  license: LicenseRef-Public-Domain
  purls: []
  size: 122921
  timestamp: 1737119101255
- pypi: https://files.pythonhosted.org/packages/2a/5a/04cde32b07a7431d4ed0553a76fdb7a61270e78c5fd5a603e190ac389f14/wrapt-1.17.2-cp312-cp312-manylinux_2_5_x86_64.manylinux1_x86_64.manylinux_2_17_x86_64.manylinux2014_x86_64.whl
  name: wrapt
  version: 1.17.2
  sha256: bc570b5f14a79734437cb7b0500376b6b791153314986074486e0b0fa8d71d98
  requires_python: '>=3.8'
- pypi: https://files.pythonhosted.org/packages/b7/1a/7e4798e9339adc931158c9d69ecc34f5e6791489d469f5e50ec15e35f458/zipp-3.21.0-py3-none-any.whl
  name: zipp
  version: 3.21.0
  sha256: ac1bbe05fd2991f160ebce24ffbac5f6d11d83dc90891255885223d42b3cd931
  requires_dist:
  - pytest-checkdocs>=2.4 ; extra == 'check'
  - pytest-ruff>=0.2.1 ; sys_platform != 'cygwin' and extra == 'check'
  - pytest-cov ; extra == 'cover'
  - sphinx>=3.5 ; extra == 'doc'
  - jaraco-packaging>=9.3 ; extra == 'doc'
  - rst-linker>=1.9 ; extra == 'doc'
  - furo ; extra == 'doc'
  - sphinx-lint ; extra == 'doc'
  - jaraco-tidelift>=1.4 ; extra == 'doc'
  - pytest-enabler>=2.2 ; extra == 'enabler'
  - pytest>=6,!=8.1.* ; extra == 'test'
  - jaraco-itertools ; extra == 'test'
  - jaraco-functools ; extra == 'test'
  - more-itertools ; extra == 'test'
  - big-o ; extra == 'test'
  - pytest-ignore-flaky ; extra == 'test'
  - jaraco-test ; extra == 'test'
  - importlib-resources ; python_full_version < '3.9' and extra == 'test'
  - pytest-mypy ; extra == 'type'
  requires_python: '>=3.9'
